// !$*UTF8*$!
{
	archiveVersion = 1;
	classes = {
	};
	objectVersion = 46;
	objects = {

/* Begin PBXBuildFile section */
		EFE76F3A1DE7BDF1001DFCC9 /* AppDelegate.swift in Sources */ = {isa = PBXBuildFile; fileRef = EFE76F391DE7BDF1001DFCC9 /* AppDelegate.swift */; };
		EFE76F3F1DE7BDF1001DFCC9 /* Main.storyboard in Resources */ = {isa = PBXBuildFile; fileRef = EFE76F3D1DE7BDF1001DFCC9 /* Main.storyboard */; };
		EFE76F411DE7BDF1001DFCC9 /* Assets.xcassets in Resources */ = {isa = PBXBuildFile; fileRef = EFE76F401DE7BDF1001DFCC9 /* Assets.xcassets */; };
		EFE76F441DE7BDF1001DFCC9 /* LaunchScreen.storyboard in Resources */ = {isa = PBXBuildFile; fileRef = EFE76F421DE7BDF1001DFCC9 /* LaunchScreen.storyboard */; };
		EFE76F4F1DE7BDF1001DFCC9 /* Swipe_left_to_rightTests.swift in Sources */ = {isa = PBXBuildFile; fileRef = EFE76F4E1DE7BDF1001DFCC9 /* Swipe_left_to_rightTests.swift */; };
		EFE76F5A1DE7BE29001DFCC9 /* SwipeyTableViewController.swift in Sources */ = {isa = PBXBuildFile; fileRef = EFE76F591DE7BE29001DFCC9 /* SwipeyTableViewController.swift */; };
/* End PBXBuildFile section */

/* Begin PBXContainerItemProxy section */
		EFE76F4B1DE7BDF1001DFCC9 /* PBXContainerItemProxy */ = {
			isa = PBXContainerItemProxy;
			containerPortal = EFE76F2E1DE7BDF1001DFCC9 /* Project object */;
			proxyType = 1;
			remoteGlobalIDString = EFE76F351DE7BDF1001DFCC9;
			remoteInfo = "Swipe-left-to-right";
		};
/* End PBXContainerItemProxy section */

/* Begin PBXFileReference section */
		EFE76F361DE7BDF1001DFCC9 /* Swipe-left-to-right.app */ = {isa = PBXFileReference; explicitFileType = wrapper.application; includeInIndex = 0; path = "Swipe-left-to-right.app"; sourceTree = BUILT_PRODUCTS_DIR; };
		EFE76F391DE7BDF1001DFCC9 /* AppDelegate.swift */ = {isa = PBXFileReference; lastKnownFileType = sourcecode.swift; path = AppDelegate.swift; sourceTree = "<group>"; };
		EFE76F3E1DE7BDF1001DFCC9 /* Base */ = {isa = PBXFileReference; lastKnownFileType = file.storyboard; name = Base; path = Base.lproj/Main.storyboard; sourceTree = "<group>"; };
		EFE76F401DE7BDF1001DFCC9 /* Assets.xcassets */ = {isa = PBXFileReference; lastKnownFileType = folder.assetcatalog; path = Assets.xcassets; sourceTree = "<group>"; };
		EFE76F431DE7BDF1001DFCC9 /* Base */ = {isa = PBXFileReference; lastKnownFileType = file.storyboard; name = Base; path = Base.lproj/LaunchScreen.storyboard; sourceTree = "<group>"; };
		EFE76F451DE7BDF1001DFCC9 /* Info.plist */ = {isa = PBXFileReference; lastKnownFileType = text.plist.xml; path = Info.plist; sourceTree = "<group>"; };
		EFE76F4A1DE7BDF1001DFCC9 /* Swipe-left-to-rightTests.xctest */ = {isa = PBXFileReference; explicitFileType = wrapper.cfbundle; includeInIndex = 0; path = "Swipe-left-to-rightTests.xctest"; sourceTree = BUILT_PRODUCTS_DIR; };
		EFE76F4E1DE7BDF1001DFCC9 /* Swipe_left_to_rightTests.swift */ = {isa = PBXFileReference; lastKnownFileType = sourcecode.swift; path = Swipe_left_to_rightTests.swift; sourceTree = "<group>"; };
		EFE76F501DE7BDF1001DFCC9 /* Info.plist */ = {isa = PBXFileReference; lastKnownFileType = text.plist.xml; path = Info.plist; sourceTree = "<group>"; };
		EFE76F591DE7BE29001DFCC9 /* SwipeyTableViewController.swift */ = {isa = PBXFileReference; fileEncoding = 4; lastKnownFileType = sourcecode.swift; path = SwipeyTableViewController.swift; sourceTree = "<group>"; };
/* End PBXFileReference section */

/* Begin PBXFrameworksBuildPhase section */
		EFE76F331DE7BDF1001DFCC9 /* Frameworks */ = {
			isa = PBXFrameworksBuildPhase;
			buildActionMask = 2147483647;
			files = (
			);
			runOnlyForDeploymentPostprocessing = 0;
		};
		EFE76F471DE7BDF1001DFCC9 /* Frameworks */ = {
			isa = PBXFrameworksBuildPhase;
			buildActionMask = 2147483647;
			files = (
			);
			runOnlyForDeploymentPostprocessing = 0;
		};
/* End PBXFrameworksBuildPhase section */

/* Begin PBXGroup section */
		EFE76F2D1DE7BDF1001DFCC9 = {
			isa = PBXGroup;
			children = (
				EFE76F381DE7BDF1001DFCC9 /* Swipe-left-to-right */,
				EFE76F4D1DE7BDF1001DFCC9 /* Swipe-left-to-rightTests */,
				EFE76F371DE7BDF1001DFCC9 /* Products */,
			);
			sourceTree = "<group>";
		};
		EFE76F371DE7BDF1001DFCC9 /* Products */ = {
			isa = PBXGroup;
			children = (
				EFE76F361DE7BDF1001DFCC9 /* Swipe-left-to-right.app */,
				EFE76F4A1DE7BDF1001DFCC9 /* Swipe-left-to-rightTests.xctest */,
			);
			name = Products;
			sourceTree = "<group>";
		};
		EFE76F381DE7BDF1001DFCC9 /* Swipe-left-to-right */ = {
			isa = PBXGroup;
			children = (
				EFE76F391DE7BDF1001DFCC9 /* AppDelegate.swift */,
				EFE76F591DE7BE29001DFCC9 /* SwipeyTableViewController.swift */,
				EFE76F3D1DE7BDF1001DFCC9 /* Main.storyboard */,
				EFE76F401DE7BDF1001DFCC9 /* Assets.xcassets */,
				EFE76F421DE7BDF1001DFCC9 /* LaunchScreen.storyboard */,
				EFE76F451DE7BDF1001DFCC9 /* Info.plist */,
			);
			path = "Swipe-left-to-right";
			sourceTree = "<group>";
		};
		EFE76F4D1DE7BDF1001DFCC9 /* Swipe-left-to-rightTests */ = {
			isa = PBXGroup;
			children = (
				EFE76F4E1DE7BDF1001DFCC9 /* Swipe_left_to_rightTests.swift */,
				EFE76F501DE7BDF1001DFCC9 /* Info.plist */,
			);
			path = "Swipe-left-to-rightTests";
			sourceTree = "<group>";
		};
/* End PBXGroup section */

/* Begin PBXNativeTarget section */
		EFE76F351DE7BDF1001DFCC9 /* Swipe-left-to-right */ = {
			isa = PBXNativeTarget;
			buildConfigurationList = EFE76F531DE7BDF1001DFCC9 /* Build configuration list for PBXNativeTarget "Swipe-left-to-right" */;
			buildPhases = (
				EFE76F321DE7BDF1001DFCC9 /* Sources */,
				EFE76F331DE7BDF1001DFCC9 /* Frameworks */,
				EFE76F341DE7BDF1001DFCC9 /* Resources */,
			);
			buildRules = (
			);
			dependencies = (
			);
			name = "Swipe-left-to-right";
			productName = "Swipe-left-to-right";
			productReference = EFE76F361DE7BDF1001DFCC9 /* Swipe-left-to-right.app */;
			productType = "com.apple.product-type.application";
		};
		EFE76F491DE7BDF1001DFCC9 /* Swipe-left-to-rightTests */ = {
			isa = PBXNativeTarget;
			buildConfigurationList = EFE76F561DE7BDF1001DFCC9 /* Build configuration list for PBXNativeTarget "Swipe-left-to-rightTests" */;
			buildPhases = (
				EFE76F461DE7BDF1001DFCC9 /* Sources */,
				EFE76F471DE7BDF1001DFCC9 /* Frameworks */,
				EFE76F481DE7BDF1001DFCC9 /* Resources */,
			);
			buildRules = (
			);
			dependencies = (
				EFE76F4C1DE7BDF1001DFCC9 /* PBXTargetDependency */,
			);
			name = "Swipe-left-to-rightTests";
			productName = "Swipe-left-to-rightTests";
			productReference = EFE76F4A1DE7BDF1001DFCC9 /* Swipe-left-to-rightTests.xctest */;
			productType = "com.apple.product-type.bundle.unit-test";
		};
/* End PBXNativeTarget section */

/* Begin PBXProject section */
		EFE76F2E1DE7BDF1001DFCC9 /* Project object */ = {
			isa = PBXProject;
			attributes = {
				LastSwiftUpdateCheck = 0810;
				LastUpgradeCheck = 0810;
				ORGANIZATIONNAME = "Daniel Oram";
				TargetAttributes = {
					EFE76F351DE7BDF1001DFCC9 = {
						CreatedOnToolsVersion = 8.1;
						DevelopmentTeam = RKVLX6G3P7;
						ProvisioningStyle = Automatic;
					};
					EFE76F491DE7BDF1001DFCC9 = {
						CreatedOnToolsVersion = 8.1;
						DevelopmentTeam = RKVLX6G3P7;
						ProvisioningStyle = Automatic;
						TestTargetID = EFE76F351DE7BDF1001DFCC9;
					};
				};
			};
			buildConfigurationList = EFE76F311DE7BDF1001DFCC9 /* Build configuration list for PBXProject "Swipe-left-to-right" */;
			compatibilityVersion = "Xcode 3.2";
			developmentRegion = English;
			hasScannedForEncodings = 0;
			knownRegions = (
				en,
				Base,
			);
			mainGroup = EFE76F2D1DE7BDF1001DFCC9;
			productRefGroup = EFE76F371DE7BDF1001DFCC9 /* Products */;
			projectDirPath = "";
			projectRoot = "";
			targets = (
				EFE76F351DE7BDF1001DFCC9 /* Swipe-left-to-right */,
				EFE76F491DE7BDF1001DFCC9 /* Swipe-left-to-rightTests */,
			);
		};
/* End PBXProject section */

/* Begin PBXResourcesBuildPhase section */
		EFE76F341DE7BDF1001DFCC9 /* Resources */ = {
			isa = PBXResourcesBuildPhase;
			buildActionMask = 2147483647;
			files = (
				EFE76F441DE7BDF1001DFCC9 /* LaunchScreen.storyboard in Resources */,
				EFE76F411DE7BDF1001DFCC9 /* Assets.xcassets in Resources */,
				EFE76F3F1DE7BDF1001DFCC9 /* Main.storyboard in Resources */,
			);
			runOnlyForDeploymentPostprocessing = 0;
		};
		EFE76F481DE7BDF1001DFCC9 /* Resources */ = {
			isa = PBXResourcesBuildPhase;
			buildActionMask = 2147483647;
			files = (
			);
			runOnlyForDeploymentPostprocessing = 0;
		};
/* End PBXResourcesBuildPhase section */

/* Begin PBXSourcesBuildPhase section */
		EFE76F321DE7BDF1001DFCC9 /* Sources */ = {
			isa = PBXSourcesBuildPhase;
			buildActionMask = 2147483647;
			files = (
				EFE76F3A1DE7BDF1001DFCC9 /* AppDelegate.swift in Sources */,
				EFE76F5A1DE7BE29001DFCC9 /* SwipeyTableViewController.swift in Sources */,
			);
			runOnlyForDeploymentPostprocessing = 0;
		};
		EFE76F461DE7BDF1001DFCC9 /* Sources */ = {
			isa = PBXSourcesBuildPhase;
			buildActionMask = 2147483647;
			files = (
				EFE76F4F1DE7BDF1001DFCC9 /* Swipe_left_to_rightTests.swift in Sources */,
			);
			runOnlyForDeploymentPostprocessing = 0;
		};
/* End PBXSourcesBuildPhase section */

/* Begin PBXTargetDependency section */
		EFE76F4C1DE7BDF1001DFCC9 /* PBXTargetDependency */ = {
			isa = PBXTargetDependency;
			target = EFE76F351DE7BDF1001DFCC9 /* Swipe-left-to-right */;
			targetProxy = EFE76F4B1DE7BDF1001DFCC9 /* PBXContainerItemProxy */;
		};
/* End PBXTargetDependency section */

/* Begin PBXVariantGroup section */
		EFE76F3D1DE7BDF1001DFCC9 /* Main.storyboard */ = {
			isa = PBXVariantGroup;
			children = (
				EFE76F3E1DE7BDF1001DFCC9 /* Base */,
			);
			name = Main.storyboard;
			sourceTree = "<group>";
		};
		EFE76F421DE7BDF1001DFCC9 /* LaunchScreen.storyboard */ = {
			isa = PBXVariantGroup;
			children = (
				EFE76F431DE7BDF1001DFCC9 /* Base */,
			);
			name = LaunchScreen.storyboard;
			sourceTree = "<group>";
		};
/* End PBXVariantGroup section */

/* Begin XCBuildConfiguration section */
		EFE76F511DE7BDF1001DFCC9 /* Debug */ = {
			isa = XCBuildConfiguration;
			buildSettings = {
				ALWAYS_SEARCH_USER_PATHS = NO;
				CLANG_ANALYZER_NONNULL = YES;
				CLANG_CXX_LANGUAGE_STANDARD = "gnu++0x";
				CLANG_CXX_LIBRARY = "libc++";
				CLANG_ENABLE_MODULES = YES;
				CLANG_ENABLE_OBJC_ARC = YES;
				CLANG_WARN_BOOL_CONVERSION = YES;
				CLANG_WARN_CONSTANT_CONVERSION = YES;
				CLANG_WARN_DIRECT_OBJC_ISA_USAGE = YES_ERROR;
				CLANG_WARN_DOCUMENTATION_COMMENTS = YES;
				CLANG_WARN_EMPTY_BODY = YES;
				CLANG_WARN_ENUM_CONVERSION = YES;
				CLANG_WARN_INFINITE_RECURSION = YES;
				CLANG_WARN_INT_CONVERSION = YES;
				CLANG_WARN_OBJC_ROOT_CLASS = YES_ERROR;
				CLANG_WARN_SUSPICIOUS_MOVES = YES;
				CLANG_WARN_UNREACHABLE_CODE = YES;
				CLANG_WARN__DUPLICATE_METHOD_MATCH = YES;
				"CODE_SIGN_IDENTITY[sdk=iphoneos*]" = "iPhone Developer";
				COPY_PHASE_STRIP = NO;
				DEBUG_INFORMATION_FORMAT = dwarf;
				ENABLE_STRICT_OBJC_MSGSEND = YES;
				ENABLE_TESTABILITY = YES;
				GCC_C_LANGUAGE_STANDARD = gnu99;
				GCC_DYNAMIC_NO_PIC = NO;
				GCC_NO_COMMON_BLOCKS = YES;
				GCC_OPTIMIZATION_LEVEL = 0;
				GCC_PREPROCESSOR_DEFINITIONS = (
					"DEBUG=1",
					"$(inherited)",
				);
				GCC_WARN_64_TO_32_BIT_CONVERSION = YES;
				GCC_WARN_ABOUT_RETURN_TYPE = YES_ERROR;
				GCC_WARN_UNDECLARED_SELECTOR = YES;
				GCC_WARN_UNINITIALIZED_AUTOS = YES_AGGRESSIVE;
				GCC_WARN_UNUSED_FUNCTION = YES;
				GCC_WARN_UNUSED_VARIABLE = YES;
				IPHONEOS_DEPLOYMENT_TARGET = 10.1;
				MTL_ENABLE_DEBUG_INFO = YES;
				ONLY_ACTIVE_ARCH = YES;
				SDKROOT = iphoneos;
				SWIFT_ACTIVE_COMPILATION_CONDITIONS = DEBUG;
				SWIFT_OPTIMIZATION_LEVEL = "-Onone";
			};
			name = Debug;
		};
		EFE76F521DE7BDF1001DFCC9 /* Release */ = {
			isa = XCBuildConfiguration;
			buildSettings = {
				ALWAYS_SEARCH_USER_PATHS = NO;
				CLANG_ANALYZER_NONNULL = YES;
				CLANG_CXX_LANGUAGE_STANDARD = "gnu++0x";
				CLANG_CXX_LIBRARY = "libc++";
				CLANG_ENABLE_MODULES = YES;
				CLANG_ENABLE_OBJC_ARC = YES;
				CLANG_WARN_BOOL_CONVERSION = YES;
				CLANG_WARN_CONSTANT_CONVERSION = YES;
				CLANG_WARN_DIRECT_OBJC_ISA_USAGE = YES_ERROR;
				CLANG_WARN_DOCUMENTATION_COMMENTS = YES;
				CLANG_WARN_EMPTY_BODY = YES;
				CLANG_WARN_ENUM_CONVERSION = YES;
				CLANG_WARN_INFINITE_RECURSION = YES;
				CLANG_WARN_INT_CONVERSION = YES;
				CLANG_WARN_OBJC_ROOT_CLASS = YES_ERROR;
				CLANG_WARN_SUSPICIOUS_MOVES = YES;
				CLANG_WARN_UNREACHABLE_CODE = YES;
				CLANG_WARN__DUPLICATE_METHOD_MATCH = YES;
				"CODE_SIGN_IDENTITY[sdk=iphoneos*]" = "iPhone Developer";
				COPY_PHASE_STRIP = NO;
				DEBUG_INFORMATION_FORMAT = "dwarf-with-dsym";
				ENABLE_NS_ASSERTIONS = NO;
				ENABLE_STRICT_OBJC_MSGSEND = YES;
				GCC_C_LANGUAGE_STANDARD = gnu99;
				GCC_NO_COMMON_BLOCKS = YES;
				GCC_WARN_64_TO_32_BIT_CONVERSION = YES;
				GCC_WARN_ABOUT_RETURN_TYPE = YES_ERROR;
				GCC_WARN_UNDECLARED_SELECTOR = YES;
				GCC_WARN_UNINITIALIZED_AUTOS = YES_AGGRESSIVE;
				GCC_WARN_UNUSED_FUNCTION = YES;
				GCC_WARN_UNUSED_VARIABLE = YES;
				IPHONEOS_DEPLOYMENT_TARGET = 10.1;
				MTL_ENABLE_DEBUG_INFO = NO;
				SDKROOT = iphoneos;
				SWIFT_OPTIMIZATION_LEVEL = "-Owholemodule";
				VALIDATE_PRODUCT = YES;
			};
			name = Release;
		};
		EFE76F541DE7BDF1001DFCC9 /* Debug */ = {
			isa = XCBuildConfiguration;
			buildSettings = {
				ASSETCATALOG_COMPILER_APPICON_NAME = AppIcon;
				DEVELOPMENT_TEAM = RKVLX6G3P7;
				INFOPLIST_FILE = "Swipe-left-to-right/Info.plist";
				LD_RUNPATH_SEARCH_PATHS = "$(inherited) @executable_path/Frameworks";
				PRODUCT_BUNDLE_IDENTIFIER = "com.danieloram.ios.Swipe-left-to-right";
				PRODUCT_NAME = "$(TARGET_NAME)";
				SWIFT_VERSION = 3.0;
			};
			name = Debug;
		};
		EFE76F551DE7BDF1001DFCC9 /* Release */ = {
			isa = XCBuildConfiguration;
			buildSettings = {
				ASSETCATALOG_COMPILER_APPICON_NAME = AppIcon;
				DEVELOPMENT_TEAM = RKVLX6G3P7;
				INFOPLIST_FILE = "Swipe-left-to-right/Info.plist";
				LD_RUNPATH_SEARCH_PATHS = "$(inherited) @executable_path/Frameworks";
				PRODUCT_BUNDLE_IDENTIFIER = "com.danieloram.ios.Swipe-left-to-right";
				PRODUCT_NAME = "$(TARGET_NAME)";
				SWIFT_VERSION = 3.0;
			};
			name = Release;
		};
		EFE76F571DE7BDF1001DFCC9 /* Debug */ = {
			isa = XCBuildConfiguration;
			buildSettings = {
				ALWAYS_EMBED_SWIFT_STANDARD_LIBRARIES = YES;
				BUNDLE_LOADER = "$(TEST_HOST)";
				DEVELOPMENT_TEAM = RKVLX6G3P7;
				INFOPLIST_FILE = "Swipe-left-to-rightTests/Info.plist";
				LD_RUNPATH_SEARCH_PATHS = "$(inherited) @executable_path/Frameworks @loader_path/Frameworks";
				PRODUCT_BUNDLE_IDENTIFIER = "com.danieloram.ios.Swipe-left-to-rightTests";
				PRODUCT_NAME = "$(TARGET_NAME)";
				SWIFT_VERSION = 3.0;
				TEST_HOST = "$(BUILT_PRODUCTS_DIR)/Swipe-left-to-right.app/Swipe-left-to-right";
			};
			name = Debug;
		};
		EFE76F581DE7BDF1001DFCC9 /* Release */ = {
			isa = XCBuildConfiguration;
			buildSettings = {
				ALWAYS_EMBED_SWIFT_STANDARD_LIBRARIES = YES;
				BUNDLE_LOADER = "$(TEST_HOST)";
				DEVELOPMENT_TEAM = RKVLX6G3P7;
				INFOPLIST_FILE = "Swipe-left-to-rightTests/Info.plist";
				LD_RUNPATH_SEARCH_PATHS = "$(inherited) @executable_path/Frameworks @loader_path/Frameworks";
				PRODUCT_BUNDLE_IDENTIFIER = "com.danieloram.ios.Swipe-left-to-rightTests";
				PRODUCT_NAME = "$(TARGET_NAME)";
				SWIFT_VERSION = 3.0;
				TEST_HOST = "$(BUILT_PRODUCTS_DIR)/Swipe-left-to-right.app/Swipe-left-to-right";
			};
			name = Release;
		};
/* End XCBuildConfiguration section */

/* Begin XCConfigurationList section */
		EFE76F311DE7BDF1001DFCC9 /* Build configuration list for PBXProject "Swipe-left-to-right" */ = {
			isa = XCConfigurationList;
			buildConfigurations = (
				EFE76F511DE7BDF1001DFCC9 /* Debug */,
				EFE76F521DE7BDF1001DFCC9 /* Release */,
			);
			defaultConfigurationIsVisible = 0;
			defaultConfigurationName = Release;
		};
		EFE76F531DE7BDF1001DFCC9 /* Build configuration list for PBXNativeTarget "Swipe-left-to-right" */ = {
			isa = XCConfigurationList;
			buildConfigurations = (
				EFE76F541DE7BDF1001DFCC9 /* Debug */,
				EFE76F551DE7BDF1001DFCC9 /* Release */,
			);
			defaultConfigurationIsVisible = 0;
		};
		EFE76F561DE7BDF1001DFCC9 /* Build configuration list for PBXNativeTarget "Swipe-left-to-rightTests" */ = {
			isa = XCConfigurationList;
			buildConfigurations = (
				EFE76F571DE7BDF1001DFCC9 /* Debug */,
				EFE76F581DE7BDF1001DFCC9 /* Release */,
			);
			defaultConfigurationIsVisible = 0;
		};
/* End XCConfigurationList section */
	};
	rootObject = EFE76F2E1DE7BDF1001DFCC9 /* Project object */;
}
